<?xml version="1.0" encoding="utf-8"?>
<Project ToolsVersion="4.0" xmlns="http://schemas.microsoft.com/developer/msbuild/2003">
  <ItemGroup>
    <Filter Include="源文件">
      <UniqueIdentifier>{4FC737F1-C7A5-4376-A066-2A32D752A2FF}</UniqueIdentifier>
      <Extensions>cpp;c;cc;cxx;def;odl;idl;hpj;bat;asm;asmx</Extensions>
    </Filter>
    <Filter Include="头文件">
      <UniqueIdentifier>{93995380-89BD-4b04-88EB-625FBE52EBFB}</UniqueIdentifier>
      <Extensions>h;hh;hpp;hxx;hm;inl;inc;ipp;xsd</Extensions>
    </Filter>
    <Filter Include="资源文件">
      <UniqueIdentifier>{67DA6AB6-F800-4c08-8B7A-83BB121AAD01}</UniqueIdentifier>
      <Extensions>rc;ico;cur;bmp;dlg;rc2;rct;bin;rgs;gif;jpg;jpeg;jpe;resx;tiff;tif;png;wav;mfcribbon-ms</Extensions>
    </Filter>
    <Filter Include="头文件\大整数四则运算（string实现）">
      <UniqueIdentifier>{5ae24b9f-ebf9-4e6f-9b84-06a32b3972d7}</UniqueIdentifier>
    </Filter>
    <Filter Include="源文件\动态规划%28一%29">
      <UniqueIdentifier>{e7cb7eab-9131-4f3e-8336-700126ab86e7}</UniqueIdentifier>
    </Filter>
    <Filter Include="源文件\动态规划%28一%29\数字三角形">
      <UniqueIdentifier>{46056765-fd3a-4d67-9b57-7bd2cb34d539}</UniqueIdentifier>
    </Filter>
    <Filter Include="资源文件\递归">
      <UniqueIdentifier>{357bce08-602c-4311-a2bd-f2efdd2d9308}</UniqueIdentifier>
    </Filter>
    <Filter Include="资源文件\枚举">
      <UniqueIdentifier>{969e22b4-d2b9-4475-a9f3-78dfe7168827}</UniqueIdentifier>
    </Filter>
  </ItemGroup>
  <ItemGroup>
    <ClCompile Include="addition.cpp">
      <Filter>头文件\大整数四则运算（string实现）</Filter>
    </ClCompile>
    <ClCompile Include="subtraction.cpp">
      <Filter>头文件\大整数四则运算（string实现）</Filter>
    </ClCompile>
    <ClCompile Include="multiplication.cpp">
      <Filter>头文件\大整数四则运算（string实现）</Filter>
    </ClCompile>
    <ClCompile Include="Factorial.cpp">
      <Filter>头文件\大整数四则运算（string实现）</Filter>
    </ClCompile>
    <ClCompile Include="包含四则运算的main（待修改）.cpp">
      <Filter>头文件\大整数四则运算（string实现）</Filter>
    </ClCompile>
    <ClCompile Include="数字三角形（纯递归）.cpp">
      <Filter>源文件\动态规划%28一%29\数字三角形</Filter>
    </ClCompile>
    <ClCompile Include="数字三角形（记忆递归型）.cpp">
      <Filter>源文件\动态规划%28一%29\数字三角形</Filter>
    </ClCompile>
    <ClCompile Include="数字三角形（递归转成递推）.cpp">
      <Filter>源文件\动态规划%28一%29\数字三角形</Filter>
    </ClCompile>
    <ClCompile Include="数字三角形（空间优化）.cpp">
      <Filter>源文件\动态规划%28一%29\数字三角形</Filter>
    </ClCompile>
    <ClCompile Include="最长上升子序列.cpp">
      <Filter>源文件\动态规划%28一%29</Filter>
    </ClCompile>
    <ClCompile Include="Hanio.cpp">
      <Filter>资源文件\递归</Filter>
    </ClCompile>
    <ClCompile Include="N皇后(递归).cpp">
      <Filter>资源文件\递归</Filter>
    </ClCompile>
    <ClCompile Include="波兰表达式.cpp">
      <Filter>资源文件\递归</Filter>
    </ClCompile>
    <ClCompile Include="放苹果问题.cpp">
      <Filter>资源文件\递归</Filter>
    </ClCompile>
    <ClCompile Include="归并排序.cpp">
      <Filter>资源文件\递归</Filter>
    </ClCompile>
    <ClCompile Include="快速排序.cpp">
      <Filter>资源文件\递归</Filter>
    </ClCompile>
    <ClCompile Include="求 10000 以内的阶乘.cpp">
      <Filter>资源文件\递归</Filter>
    </ClCompile>
    <ClCompile Include="石头剪刀布.cpp">
      <Filter>资源文件\递归</Filter>
    </ClCompile>
    <ClCompile Include="输出前m大的数[O%28n+mlogm%29].cpp">
      <Filter>资源文件\递归</Filter>
    </ClCompile>
    <ClCompile Include="输出前m大的数[O%28nlogn%29].cpp">
      <Filter>资源文件\递归</Filter>
    </ClCompile>
    <ClCompile Include="四则运算.cpp">
      <Filter>资源文件\递归</Filter>
    </ClCompile>
    <ClCompile Include="算24.cpp">
      <Filter>资源文件\递归</Filter>
    </ClCompile>
    <ClCompile Include="跳台阶问题.cpp">
      <Filter>资源文件\递归</Filter>
    </ClCompile>
    <ClCompile Include="公共子序列.cpp">
      <Filter>源文件\动态规划%28一%29</Filter>
    </ClCompile>
    <ClCompile Include="最佳加法表达式（递推）.cpp">
      <Filter>源文件\动态规划%28一%29</Filter>
    </ClCompile>
    <ClCompile Include="最佳加法表达式（递归）.cpp">
      <Filter>源文件\动态规划%28一%29</Filter>
    </ClCompile>
    <ClCompile Include="Help Jimmy(POJ1661).cpp">
      <Filter>源文件\动态规划%28一%29</Filter>
    </ClCompile>
    <ClCompile Include="熄灯问题.cpp">
      <Filter>资源文件\枚举</Filter>
    </ClCompile>
    <ClCompile Include="熄灯问题%28myself%29.cpp">
      <Filter>资源文件\枚举</Filter>
    </ClCompile>
    <ClCompile Include="硬币（mysellf）.cpp">
      <Filter>资源文件\枚举</Filter>
    </ClCompile>
    <ClCompile Include="硬币（枚举）.cpp">
      <Filter>资源文件\枚举</Filter>
    </ClCompile>
    <ClCompile Include="完美立方.cpp">
      <Filter>资源文件\枚举</Filter>
    </ClCompile>
    <ClCompile Include="生理周期.cpp">
      <Filter>资源文件\枚举</Filter>
    </ClCompile>
    <ClCompile Include="特殊密码锁%28myself%29.cpp">
      <Filter>资源文件\枚举</Filter>
    </ClCompile>
    <ClCompile Include="特殊密码锁.cpp">
      <Filter>资源文件\枚举</Filter>
    </ClCompile>
    <ClCompile Include="拨钟问题%28纯枚举法）.cpp">
      <Filter>资源文件\枚举</Filter>
    </ClCompile>
    <ClCompile Include="拨钟问题（优化）.cpp">
      <Filter>资源文件\枚举</Filter>
    </ClCompile>
  </ItemGroup>
  <ItemGroup>
    <Text Include="样本 熄灯问题.txt">
      <Filter>资源文件\递归</Filter>
    </Text>
    <Text Include="样本 硬币">
      <Filter>资源文件\递归</Filter>
    </Text>
    <Text Include="拨钟问题.txt">
      <Filter>资源文件\枚举</Filter>
    </Text>
  </ItemGroup>
</Project>